
Microsoft Visual Studio Solution File, Format Version 12.00
# Visual Studio 15
VisualStudioVersion = 15.0.28307.1622
MinimumVisualStudioVersion = 10.0.40219.1
Project("{FAE04EC0-301F-11D3-BF4B-00C04F79EFBC}") = "Random nick", "Random nick\Random nick.csproj", "{C5B7E19A-82D0-4168-9F68-8B2D3680F9FF}"
EndProject
Global
	GlobalSection(SolutionConfigurationPlatforms) = preSolution
		Debug|Any CPU = Debug|Any CPU
		Release|Any CPU = Release|Any CPU
	EndGlobalSection
	GlobalSection(ProjectConfigurationPlatforms) = postSolution
		{C5B7E19A-82D0-4168-9F68-8B2D3680F9FF}.Debug|Any CPU.ActiveCfg = Debug|Any CPU
		{C5B7E19A-82D0-4168-9F68-8B2D3680F9FF}.Debug|Any CPU.Build.0 = Debug|Any CPU
		{C5B7E19A-82D0-4168-9F68-8B2D3680F9FF}.Release|Any CPU.ActiveCfg = Release|Any CPU
		{C5B7E19A-82D0-4168-9F68-8B2D3680F9FF}.Release|Any CPU.Build.0 = Release|Any CPU
	EndGlobalSection
	GlobalSection(SolutionProperties) = preSolution
		HideSolutionNode = FALSE
	EndGlobalSection
	GlobalSection(ExtensibilityGlobals) = postSolution
		SolutionGuid = {E62CDFC5-3D56-43F0-BF7D-861B64F01D09}
	EndGlobalSection
EndGlobal
